
Microsoft Visual Studio Solution File, Format Version 12.00
# Visual Studio 15
Project("{FAE04EC0-301F-11D3-BF4B-00C04F79EFBC}") = "Assembly-CSharp", "Assembly-CSharp.csproj", "{524DE845-824B-5CD6-0AE1-F7EF78A61FDE}"
EndProject
Project("{FAE04EC0-301F-11D3-BF4B-00C04F79EFBC}") = "Assembly-CSharp-Editor", "Assembly-CSharp-Editor.csproj", "{A5E63AEB-9E80-B2C2-506B-7A13866C0792}"
EndProject
Global
	GlobalSection(SolutionConfigurationPlatforms) = preSolution
		Debug|Any CPU = Debug|Any CPU
		Release|Any CPU = Release|Any CPU
	EndGlobalSection
	GlobalSection(ProjectConfigurationPlatforms) = postSolution
		{524DE845-824B-5CD6-0AE1-F7EF78A61FDE}.Debug|Any CPU.ActiveCfg = Debug|Any CPU
		{524DE845-824B-5CD6-0AE1-F7EF78A61FDE}.Debug|Any CPU.Build.0 = Debug|Any CPU
		{524DE845-824B-5CD6-0AE1-F7EF78A61FDE}.Release|Any CPU.ActiveCfg = Release|Any CPU
		{524DE845-824B-5CD6-0AE1-F7EF78A61FDE}.Release|Any CPU.Build.0 = Release|Any CPU
		{A5E63AEB-9E80-B2C2-506B-7A13866C0792}.Debug|Any CPU.ActiveCfg = Debug|Any CPU
		{A5E63AEB-9E80-B2C2-506B-7A13866C0792}.Debug|Any CPU.Build.0 = Debug|Any CPU
		{A5E63AEB-9E80-B2C2-506B-7A13866C0792}.Release|Any CPU.ActiveCfg = Release|Any CPU
		{A5E63AEB-9E80-B2C2-506B-7A13866C0792}.Release|Any CPU.Build.0 = Release|Any CPU
	EndGlobalSection
	GlobalSection(SolutionProperties) = preSolution
		HideSolutionNode = FALSE
	EndGlobalSection
EndGlobal
